
Microsoft Visual Studio Solution File, Format Version 12.00
# Visual Studio Version 17
VisualStudioVersion = 17.0.31919.166
MinimumVisualStudioVersion = 10.0.40219.1
Project("{FAE04EC0-301F-11D3-BF4B-00C04F79EFBC}") = "EmployeeBonusSharp.Server", "EmployeeBonusSharp\Server\EmployeeBonusSharp.Server.csproj", "{B9D97FE0-3122-4EC1-8D10-474BC2FBFC6F}"
EndProject
Project("{FAE04EC0-301F-11D3-BF4B-00C04F79EFBC}") = "EmployeeBonusSharp.Client", "EmployeeBonusSharp\Client\EmployeeBonusSharp.Client.csproj", "{A46F3A24-4C64-4129-9905-D6631E07920C}"
EndProject
Project("{FAE04EC0-301F-11D3-BF4B-00C04F79EFBC}") = "EmployeeBonusSharp.Shared", "EmployeeBonusSharp\Shared\EmployeeBonusSharp.Shared.csproj", "{2E951F51-E3C6-43CF-B1ED-DF48A328A5F8}"
EndProject
Global
	GlobalSection(SolutionConfigurationPlatforms) = preSolution
		Debug|Any CPU = Debug|Any CPU
		Release|Any CPU = Release|Any CPU
	EndGlobalSection
	GlobalSection(ProjectConfigurationPlatforms) = postSolution
		{B9D97FE0-3122-4EC1-8D10-474BC2FBFC6F}.Debug|Any CPU.ActiveCfg = Debug|Any CPU
		{B9D97FE0-3122-4EC1-8D10-474BC2FBFC6F}.Debug|Any CPU.Build.0 = Debug|Any CPU
		{B9D97FE0-3122-4EC1-8D10-474BC2FBFC6F}.Release|Any CPU.ActiveCfg = Release|Any CPU
		{B9D97FE0-3122-4EC1-8D10-474BC2FBFC6F}.Release|Any CPU.Build.0 = Release|Any CPU
		{A46F3A24-4C64-4129-9905-D6631E07920C}.Debug|Any CPU.ActiveCfg = Debug|Any CPU
		{A46F3A24-4C64-4129-9905-D6631E07920C}.Debug|Any CPU.Build.0 = Debug|Any CPU
		{A46F3A24-4C64-4129-9905-D6631E07920C}.Release|Any CPU.ActiveCfg = Release|Any CPU
		{A46F3A24-4C64-4129-9905-D6631E07920C}.Release|Any CPU.Build.0 = Release|Any CPU
		{2E951F51-E3C6-43CF-B1ED-DF48A328A5F8}.Debug|Any CPU.ActiveCfg = Debug|Any CPU
		{2E951F51-E3C6-43CF-B1ED-DF48A328A5F8}.Debug|Any CPU.Build.0 = Debug|Any CPU
		{2E951F51-E3C6-43CF-B1ED-DF48A328A5F8}.Release|Any CPU.ActiveCfg = Release|Any CPU
		{2E951F51-E3C6-43CF-B1ED-DF48A328A5F8}.Release|Any CPU.Build.0 = Release|Any CPU
	EndGlobalSection
	GlobalSection(SolutionProperties) = preSolution
		HideSolutionNode = FALSE
	EndGlobalSection
	GlobalSection(ExtensibilityGlobals) = postSolution
		SolutionGuid = {4A8C4830-5AAD-4485-9AFD-EDD4A958775E}
	EndGlobalSection
EndGlobal
